
Microsoft Visual Studio Solution File, Format Version 12.00
# Visual Studio 14
VisualStudioVersion = 14.0.25420.1
MinimumVisualStudioVersion = 10.0.40219.1
Project("{FAE04EC0-301F-11D3-BF4B-00C04F79EFBC}") = "CS.Service.Data", "CS.Services.Data\CS.Service.Data.csproj", "{1AFFE7DB-49A2-49EC-AC83-86232BE5F2A3}"
EndProject
Project("{FAE04EC0-301F-11D3-BF4B-00C04F79EFBC}") = "CS.Service.DataAccess", "CS.Services.DataAccess\CS.Service.DataAccess.csproj", "{4F4D4C18-7005-4141-9B44-1A7F5E24DD94}"
EndProject
Project("{FAE04EC0-301F-11D3-BF4B-00C04F79EFBC}") = "CS.Service.WebHost", "CS.Services.WebHost\CS.Service.WebHost.csproj", "{87CAECD5-585B-479B-BBA4-66DF31F8B13C}"
EndProject
Global
	GlobalSection(SolutionConfigurationPlatforms) = preSolution
		Debug|Any CPU = Debug|Any CPU
		Release|Any CPU = Release|Any CPU
	EndGlobalSection
	GlobalSection(ProjectConfigurationPlatforms) = postSolution
		{1AFFE7DB-49A2-49EC-AC83-86232BE5F2A3}.Debug|Any CPU.ActiveCfg = Debug|Any CPU
		{1AFFE7DB-49A2-49EC-AC83-86232BE5F2A3}.Debug|Any CPU.Build.0 = Debug|Any CPU
		{1AFFE7DB-49A2-49EC-AC83-86232BE5F2A3}.Release|Any CPU.ActiveCfg = Release|Any CPU
		{1AFFE7DB-49A2-49EC-AC83-86232BE5F2A3}.Release|Any CPU.Build.0 = Release|Any CPU
		{4F4D4C18-7005-4141-9B44-1A7F5E24DD94}.Debug|Any CPU.ActiveCfg = Debug|Any CPU
		{4F4D4C18-7005-4141-9B44-1A7F5E24DD94}.Debug|Any CPU.Build.0 = Debug|Any CPU
		{4F4D4C18-7005-4141-9B44-1A7F5E24DD94}.Release|Any CPU.ActiveCfg = Release|Any CPU
		{4F4D4C18-7005-4141-9B44-1A7F5E24DD94}.Release|Any CPU.Build.0 = Release|Any CPU
		{87CAECD5-585B-479B-BBA4-66DF31F8B13C}.Debug|Any CPU.ActiveCfg = Debug|Any CPU
		{87CAECD5-585B-479B-BBA4-66DF31F8B13C}.Debug|Any CPU.Build.0 = Debug|Any CPU
		{87CAECD5-585B-479B-BBA4-66DF31F8B13C}.Release|Any CPU.ActiveCfg = Release|Any CPU
		{87CAECD5-585B-479B-BBA4-66DF31F8B13C}.Release|Any CPU.Build.0 = Release|Any CPU
	EndGlobalSection
	GlobalSection(SolutionProperties) = preSolution
		HideSolutionNode = FALSE
	EndGlobalSection
EndGlobal
